schema: '2.0'
stages:
  load_data:
    cmd: python src/load_data.py --config=params.yaml
    deps:
    - path: data_given/winequalityN.csv
      md5: be27b6f214fffe4c84f60b2036c292a8
      size: 390376
    - path: src/get_data.py
      md5: 70bda2a45437900b322169680357c3d0
      size: 600
    - path: src/load_data.py
      md5: 6efb1d642ee32dacf770d53e87a1297c
      size: 1103
    outs:
    - path: data/raw/winequality.csv
      md5: 3012dcf2bc8d616f4ee7073ae0cf3d80
      size: 325513
  split_data:
    cmd: python src/split_data.py --config=params.yaml
    deps:
    - path: data/raw/winequality.csv
      md5: 3012dcf2bc8d616f4ee7073ae0cf3d80
      size: 325513
    - path: src/split_data.py
      md5: ca0861ac7674543fc2eb7b09728047c6
      size: 1039
    outs:
    - path: data/processed/test_winequality.csv
      md5: 21175517dd78cde686f76418fd5d91d5
      size: 65197
    - path: data/processed/train_winequality.csv
      md5: f66f57b056584c14cc768da069820357
      size: 260468
  train_and_evaluate:
    cmd: python src/train_and_evaluate.py --config=params.yaml
    deps:
    - path: data/processed/test_winequality.csv
      md5: 21175517dd78cde686f76418fd5d91d5
      size: 65197
    - path: data/processed/train_winequality.csv
      md5: f66f57b056584c14cc768da069820357
      size: 260468
    - path: src/train_and_evaluate.py
      md5: c2d3a0389ff685c2ef962d39b10f4e9e
      size: 2605
    params:
      params.yaml:
        estimators.ElasticNet.params.alpha: 0.9
        estimators.ElasticNet.params.l1_ratio: 0.4
    outs:
    - path: reports/params.json
      md5: a4aab0167612f21a6085dd05cfafdbf6
      size: 44
    - path: reports/scores.json
      md5: d5a0c7c2d7895f692aff85cd8efa383f
      size: 100
    - path: saved_models/model.joblib
      md5: 0744bf2519eaca29853e369c016d9609
      size: 1353
